// !$*UTF8*$!
{
	archiveVersion = 1;
	classes = {
	};
	objectVersion = 46;
	objects = {

/* Begin PBXBuildFile section */
		E1C64A7B17873A270027CA3C /* Cocoa.framework in Frameworks */ = {isa = PBXBuildFile; fileRef = E1C64A7A17873A270027CA3C /* Cocoa.framework */; };
		E1C64A8517873A270027CA3C /* InfoPlist.strings in Resources */ = {isa = PBXBuildFile; fileRef = E1C64A8317873A270027CA3C /* InfoPlist.strings */; };
		E1C64AB717896D290027CA3C /* OpenGL.framework in Frameworks */ = {isa = PBXBuildFile; fileRef = E1C64AB617896D290027CA3C /* OpenGL.framework */; };
		E1DB71EB1930DFE800EA00DD /* AudioUnit.framework in Frameworks */ = {isa = PBXBuildFile; fileRef = E1DB71EA1930DFE800EA00DD /* AudioUnit.framework */; };
		E1DB71ED1930DFF600EA00DD /* CoreAudio.framework in Frameworks */ = {isa = PBXBuildFile; fileRef = E1DB71EC1930DFF600EA00DD /* CoreAudio.framework */; };
		E1DB71EF1930DFFD00EA00DD /* AudioToolbox.framework in Frameworks */ = {isa = PBXBuildFile; fileRef = E1DB71EE1930DFFD00EA00DD /* AudioToolbox.framework */; };
		E1DB71F11930E00500EA00DD /* CoreMIDI.framework in Frameworks */ = {isa = PBXBuildFile; fileRef = E1DB71F01930E00500EA00DD /* CoreMIDI.framework */; };
		E1DB71F31930E00E00EA00DD /* CoreFoundation.framework in Frameworks */ = {isa = PBXBuildFile; fileRef = E1DB71F21930E00E00EA00DD /* CoreFoundation.framework */; };
		E1DB71FB193109A200EA00DD /* Sound_CoreAudio.cpp in Sources */ = {isa = PBXBuildFile; fileRef = E1DB71F9193109A200EA00DD /* Sound_CoreAudio.cpp */; };
		E1DB71FC19310C1100EA00DD /* CoreAudio.framework in Frameworks */ = {isa = PBXBuildFile; fileRef = E1DB71EC1930DFF600EA00DD /* CoreAudio.framework */; };
		E1DB71FD19310C1700EA00DD /* AudioToolbox.framework in Frameworks */ = {isa = PBXBuildFile; fileRef = E1DB71EE1930DFFD00EA00DD /* AudioToolbox.framework */; };
		E1DB71FE19310C2200EA00DD /* AudioUnit.framework in Frameworks */ = {isa = PBXBuildFile; fileRef = E1DB71EA1930DFE800EA00DD /* AudioUnit.framework */; };
		E1DB71FF19310C2B00EA00DD /* CoreMIDI.framework in Frameworks */ = {isa = PBXBuildFile; fileRef = E1DB71F01930E00500EA00DD /* CoreMIDI.framework */; };
/* End PBXBuildFile section */

/* Begin PBXCopyFilesBuildPhase section */
		E18424B6192FED50000FFDA6 /* CopyFiles */ = {
			isa = PBXCopyFilesBuildPhase;
			buildActionMask = 2147483647;
			dstPath = /usr/share/man/man1/;
			dstSubfolderSpec = 0;
			files = (
			);
			runOnlyForDeploymentPostprocessing = 1;
		};
		E1DB71DD1930B1F600EA00DD /* CopyFiles */ = {
			isa = PBXCopyFilesBuildPhase;
			buildActionMask = 2147483647;
			dstPath = /usr/share/man/man1/;
			dstSubfolderSpec = 0;
			files = (
			);
			runOnlyForDeploymentPostprocessing = 1;
		};
/* End PBXCopyFilesBuildPhase section */

/* Begin PBXFileReference section */
		E12BD5531CC6CACC0035D84E /* core.h */ = {isa = PBXFileReference; lastKnownFileType = sourcecode.c.h; name = core.h; path = sharopie/core.h; sourceTree = SOURCE_ROOT; };
		E12BD5541CC6CBF70035D84E /* audio_api.h */ = {isa = PBXFileReference; lastKnownFileType = sourcecode.c.h; name = audio_api.h; path = sharopie/audio_api.h; sourceTree = SOURCE_ROOT; };
		E18424B8192FED50000FFDA6 /* shmach_test */ = {isa = PBXFileReference; explicitFileType = "compiled.mach-o.executable"; includeInIndex = 0; path = shmach_test; sourceTree = BUILT_PRODUCTS_DIR; };
		E1C64A7717873A270027CA3C /* Sharopie.app */ = {isa = PBXFileReference; explicitFileType = wrapper.application; includeInIndex = 0; path = Sharopie.app; sourceTree = BUILT_PRODUCTS_DIR; };
		E1C64A7A17873A270027CA3C /* Cocoa.framework */ = {isa = PBXFileReference; lastKnownFileType = wrapper.framework; name = Cocoa.framework; path = System/Library/Frameworks/Cocoa.framework; sourceTree = SDKROOT; };
		E1C64A7D17873A270027CA3C /* AppKit.framework */ = {isa = PBXFileReference; lastKnownFileType = wrapper.framework; name = AppKit.framework; path = System/Library/Frameworks/AppKit.framework; sourceTree = SDKROOT; };
		E1C64A7E17873A270027CA3C /* CoreData.framework */ = {isa = PBXFileReference; lastKnownFileType = wrapper.framework; name = CoreData.framework; path = System/Library/Frameworks/CoreData.framework; sourceTree = SDKROOT; };
		E1C64A7F17873A270027CA3C /* Foundation.framework */ = {isa = PBXFileReference; lastKnownFileType = wrapper.framework; name = Foundation.framework; path = System/Library/Frameworks/Foundation.framework; sourceTree = SDKROOT; };
		E1C64A8217873A270027CA3C /* sharopie-Info.plist */ = {isa = PBXFileReference; lastKnownFileType = text.plist.xml; path = "sharopie-Info.plist"; sourceTree = "<group>"; };
		E1C64A8417873A270027CA3C /* en */ = {isa = PBXFileReference; lastKnownFileType = text.plist.strings; name = en; path = en.lproj/InfoPlist.strings; sourceTree = "<group>"; };
		E1C64AB617896D290027CA3C /* OpenGL.framework */ = {isa = PBXFileReference; lastKnownFileType = wrapper.framework; name = OpenGL.framework; path = System/Library/Frameworks/OpenGL.framework; sourceTree = SDKROOT; };
		E1DB71E11930B1F600EA00DD /* shmach_test copy */ = {isa = PBXFileReference; explicitFileType = "compiled.mach-o.executable"; includeInIndex = 0; path = "shmach_test copy"; sourceTree = BUILT_PRODUCTS_DIR; };
		E1DB71EA1930DFE800EA00DD /* AudioUnit.framework */ = {isa = PBXFileReference; lastKnownFileType = wrapper.framework; name = AudioUnit.framework; path = System/Library/Frameworks/AudioUnit.framework; sourceTree = SDKROOT; };
		E1DB71EC1930DFF600EA00DD /* CoreAudio.framework */ = {isa = PBXFileReference; lastKnownFileType = wrapper.framework; name = CoreAudio.framework; path = System/Library/Frameworks/CoreAudio.framework; sourceTree = SDKROOT; };
		E1DB71EE1930DFFD00EA00DD /* AudioToolbox.framework */ = {isa = PBXFileReference; lastKnownFileType = wrapper.framework; name = AudioToolbox.framework; path = System/Library/Frameworks/AudioToolbox.framework; sourceTree = SDKROOT; };
		E1DB71F01930E00500EA00DD /* CoreMIDI.framework */ = {isa = PBXFileReference; lastKnownFileType = wrapper.framework; name = CoreMIDI.framework; path = System/Library/Frameworks/CoreMIDI.framework; sourceTree = SDKROOT; };
		E1DB71F21930E00E00EA00DD /* CoreFoundation.framework */ = {isa = PBXFileReference; lastKnownFileType = wrapper.framework; name = CoreFoundation.framework; path = System/Library/Frameworks/CoreFoundation.framework; sourceTree = SDKROOT; };
		E1DB71F9193109A200EA00DD /* Sound_CoreAudio.cpp */ = {isa = PBXFileReference; fileEncoding = 4; lastKnownFileType = sourcecode.cpp.cpp; name = Sound_CoreAudio.cpp; path = sharopie/Sound_CoreAudio.cpp; sourceTree = SOURCE_ROOT; };
		E1DB71FA193109A200EA00DD /* Sound_CoreAudio.h */ = {isa = PBXFileReference; fileEncoding = 4; lastKnownFileType = sourcecode.c.h; name = Sound_CoreAudio.h; path = sharopie/Sound_CoreAudio.h; sourceTree = SOURCE_ROOT; };
/* End PBXFileReference section */

/* Begin PBXFrameworksBuildPhase section */
		E18424B5192FED50000FFDA6 /* Frameworks */ = {
			isa = PBXFrameworksBuildPhase;
			buildActionMask = 2147483647;
			files = (
			);
			runOnlyForDeploymentPostprocessing = 0;
		};
		E1C64A7417873A270027CA3C /* Frameworks */ = {
			isa = PBXFrameworksBuildPhase;
			buildActionMask = 2147483647;
			files = (
				E1DB71FF19310C2B00EA00DD /* CoreMIDI.framework in Frameworks */,
				E1DB71FE19310C2200EA00DD /* AudioUnit.framework in Frameworks */,
				E1DB71FD19310C1700EA00DD /* AudioToolbox.framework in Frameworks */,
				E1DB71FC19310C1100EA00DD /* CoreAudio.framework in Frameworks */,
				E1C64AB717896D290027CA3C /* OpenGL.framework in Frameworks */,
				E1C64A7B17873A270027CA3C /* Cocoa.framework in Frameworks */,
			);
			runOnlyForDeploymentPostprocessing = 0;
		};
		E1DB71DC1930B1F600EA00DD /* Frameworks */ = {
			isa = PBXFrameworksBuildPhase;
			buildActionMask = 2147483647;
			files = (
				E1DB71F31930E00E00EA00DD /* CoreFoundation.framework in Frameworks */,
				E1DB71F11930E00500EA00DD /* CoreMIDI.framework in Frameworks */,
				E1DB71EF1930DFFD00EA00DD /* AudioToolbox.framework in Frameworks */,
				E1DB71ED1930DFF600EA00DD /* CoreAudio.framework in Frameworks */,
				E1DB71EB1930DFE800EA00DD /* AudioUnit.framework in Frameworks */,
			);
			runOnlyForDeploymentPostprocessing = 0;
		};
/* End PBXFrameworksBuildPhase section */

/* Begin PBXGroup section */
		E1C64A6E17873A270027CA3C = {
			isa = PBXGroup;
			children = (
				E1C64AAD17873F000027CA3C /* shalopie */,
				E1C64A8017873A270027CA3C /* sharopie-osx */,
				E1C64A7917873A270027CA3C /* Frameworks */,
				E1C64A7817873A270027CA3C /* Products */,
			);
			sourceTree = "<group>";
		};
		E1C64A7817873A270027CA3C /* Products */ = {
			isa = PBXGroup;
			children = (
				E1C64A7717873A270027CA3C /* Sharopie.app */,
				E18424B8192FED50000FFDA6 /* shmach_test */,
				E1DB71E11930B1F600EA00DD /* shmach_test copy */,
			);
			name = Products;
			sourceTree = "<group>";
		};
		E1C64A7917873A270027CA3C /* Frameworks */ = {
			isa = PBXGroup;
			children = (
				E1DB71F21930E00E00EA00DD /* CoreFoundation.framework */,
				E1DB71F01930E00500EA00DD /* CoreMIDI.framework */,
				E1DB71EE1930DFFD00EA00DD /* AudioToolbox.framework */,
				E1DB71EC1930DFF600EA00DD /* CoreAudio.framework */,
				E1DB71EA1930DFE800EA00DD /* AudioUnit.framework */,
				E1C64AB617896D290027CA3C /* OpenGL.framework */,
				E1C64A7A17873A270027CA3C /* Cocoa.framework */,
				E1C64A7C17873A270027CA3C /* Other Frameworks */,
			);
			name = Frameworks;
			sourceTree = "<group>";
		};
		E1C64A7C17873A270027CA3C /* Other Frameworks */ = {
			isa = PBXGroup;
			children = (
				E1C64A7D17873A270027CA3C /* AppKit.framework */,
				E1C64A7E17873A270027CA3C /* CoreData.framework */,
				E1C64A7F17873A270027CA3C /* Foundation.framework */,
			);
			name = "Other Frameworks";
			sourceTree = "<group>";
		};
		E1C64A8017873A270027CA3C /* sharopie-osx */ = {
			isa = PBXGroup;
			children = (
				E1C64A8117873A270027CA3C /* Supporting Files */,
			);
			name = "sharopie-osx";
			path = sharopie;
			sourceTree = "<group>";
		};
		E1C64A8117873A270027CA3C /* Supporting Files */ = {
			isa = PBXGroup;
			children = (
				E1C64A8217873A270027CA3C /* sharopie-Info.plist */,
				E1C64A8317873A270027CA3C /* InfoPlist.strings */,
			);
			name = "Supporting Files";
			sourceTree = "<group>";
		};
		E1C64AAD17873F000027CA3C /* shalopie */ = {
			isa = PBXGroup;
			children = (
				E1DB71F9193109A200EA00DD /* Sound_CoreAudio.cpp */,
				E1DB71FA193109A200EA00DD /* Sound_CoreAudio.h */,
				E12BD5531CC6CACC0035D84E /* core.h */,
				E12BD5541CC6CBF70035D84E /* audio_api.h */,
			);
			name = shalopie;
			path = src/viewport;
			sourceTree = "<group>";
		};
/* End PBXGroup section */

/* Begin PBXNativeTarget section */
		E18424B7192FED50000FFDA6 /* shmach_test */ = {
			isa = PBXNativeTarget;
			buildConfigurationList = E18424BE192FED50000FFDA6 /* Build configuration list for PBXNativeTarget "shmach_test" */;
			buildPhases = (
				E18424B4192FED50000FFDA6 /* Sources */,
				E18424B5192FED50000FFDA6 /* Frameworks */,
				E18424B6192FED50000FFDA6 /* CopyFiles */,
			);
			buildRules = (
			);
			dependencies = (
			);
			name = shmach_test;
			productName = shmach_test;
			productReference = E18424B8192FED50000FFDA6 /* shmach_test */;
			productType = "com.apple.product-type.tool";
		};
		E1C64A7617873A270027CA3C /* Sharopie */ = {
			isa = PBXNativeTarget;
			buildConfigurationList = E1C64A9417873A270027CA3C /* Build configuration list for PBXNativeTarget "Sharopie" */;
			buildPhases = (
				E1C64A7317873A270027CA3C /* Sources */,
				E1C64A7417873A270027CA3C /* Frameworks */,
				E1C64A7517873A270027CA3C /* Resources */,
			);
			buildRules = (
			);
			dependencies = (
			);
			name = Sharopie;
			productName = sharopie;
			productReference = E1C64A7717873A270027CA3C /* Sharopie.app */;
			productType = "com.apple.product-type.application";
		};
		E1DB71D81930B1F600EA00DD /* shmurth_test */ = {
			isa = PBXNativeTarget;
			buildConfigurationList = E1DB71DE1930B1F600EA00DD /* Build configuration list for PBXNativeTarget "shmurth_test" */;
			buildPhases = (
				E1DB71D91930B1F600EA00DD /* Sources */,
				E1DB71DC1930B1F600EA00DD /* Frameworks */,
				E1DB71DD1930B1F600EA00DD /* CopyFiles */,
			);
			buildRules = (
			);
			dependencies = (
			);
			name = shmurth_test;
			productName = shmach_test;
			productReference = E1DB71E11930B1F600EA00DD /* shmach_test copy */;
			productType = "com.apple.product-type.tool";
		};
/* End PBXNativeTarget section */

/* Begin PBXProject section */
		E1C64A6F17873A270027CA3C /* Project object */ = {
			isa = PBXProject;
			attributes = {
				CLASSPREFIX = SP;
				LastUpgradeCheck = 0510;
				ORGANIZATIONNAME = "Ivan Avdeev";
			};
			buildConfigurationList = E1C64A7217873A270027CA3C /* Build configuration list for PBXProject "sharopie" */;
			compatibilityVersion = "Xcode 3.2";
			developmentRegion = English;
			hasScannedForEncodings = 0;
			knownRegions = (
				en,
			);
			mainGroup = E1C64A6E17873A270027CA3C;
			productRefGroup = E1C64A7817873A270027CA3C /* Products */;
			projectDirPath = "";
			projectRoot = "";
			targets = (
				E1C64A7617873A270027CA3C /* Sharopie */,
				E18424B7192FED50000FFDA6 /* shmach_test */,
				E1DB71D81930B1F600EA00DD /* shmurth_test */,
			);
		};
/* End PBXProject section */

/* Begin PBXResourcesBuildPhase section */
		E1C64A7517873A270027CA3C /* Resources */ = {
			isa = PBXResourcesBuildPhase;
			buildActionMask = 2147483647;
			files = (
				E1C64A8517873A270027CA3C /* InfoPlist.strings in Resources */,
			);
			runOnlyForDeploymentPostprocessing = 0;
		};
/* End PBXResourcesBuildPhase section */

/* Begin PBXSourcesBuildPhase section */
		E18424B4192FED50000FFDA6 /* Sources */ = {
			isa = PBXSourcesBuildPhase;
			buildActionMask = 2147483647;
			files = (
			);
			runOnlyForDeploymentPostprocessing = 0;
		};
		E1C64A7317873A270027CA3C /* Sources */ = {
			isa = PBXSourcesBuildPhase;
			buildActionMask = 2147483647;
			files = (
				E1DB71FB193109A200EA00DD /* Sound_CoreAudio.cpp in Sources */,
			);
			runOnlyForDeploymentPostprocessing = 0;
		};
		E1DB71D91930B1F600EA00DD /* Sources */ = {
			isa = PBXSourcesBuildPhase;
			buildActionMask = 2147483647;
			files = (
			);
			runOnlyForDeploymentPostprocessing = 0;
		};
/* End PBXSourcesBuildPhase section */

/* Begin PBXVariantGroup section */
		E1C64A8317873A270027CA3C /* InfoPlist.strings */ = {
			isa = PBXVariantGroup;
			children = (
				E1C64A8417873A270027CA3C /* en */,
			);
			name = InfoPlist.strings;
			sourceTree = "<group>";
		};
/* End PBXVariantGroup section */

/* Begin XCBuildConfiguration section */
		E18424BF192FED50000FFDA6 /* Debug */ = {
			isa = XCBuildConfiguration;
			buildSettings = {
				CLANG_ENABLE_MODULES = YES;
				CLANG_WARN_BOOL_CONVERSION = YES;
				CLANG_WARN_DIRECT_OBJC_ISA_USAGE = YES_ERROR;
				CLANG_WARN_OBJC_ROOT_CLASS = YES_ERROR;
				GCC_PREPROCESSOR_DEFINITIONS = (
					"DEBUG=1",
					"$(inherited)",
				);
				GCC_WARN_ABOUT_RETURN_TYPE = YES_ERROR;
				GCC_WARN_UNDECLARED_SELECTOR = YES;
				GCC_WARN_UNINITIALIZED_AUTOS = YES_AGGRESSIVE;
				GCC_WARN_UNUSED_FUNCTION = YES;
				MACOSX_DEPLOYMENT_TARGET = 10.9;
				PRODUCT_NAME = "$(TARGET_NAME)";
			};
			name = Debug;
		};
		E18424C0192FED50000FFDA6 /* Release */ = {
			isa = XCBuildConfiguration;
			buildSettings = {
				CLANG_ENABLE_MODULES = YES;
				CLANG_WARN_BOOL_CONVERSION = YES;
				CLANG_WARN_DIRECT_OBJC_ISA_USAGE = YES_ERROR;
				CLANG_WARN_OBJC_ROOT_CLASS = YES_ERROR;
				ENABLE_NS_ASSERTIONS = NO;
				GCC_WARN_ABOUT_RETURN_TYPE = YES_ERROR;
				GCC_WARN_UNDECLARED_SELECTOR = YES;
				GCC_WARN_UNINITIALIZED_AUTOS = YES_AGGRESSIVE;
				GCC_WARN_UNUSED_FUNCTION = YES;
				MACOSX_DEPLOYMENT_TARGET = 10.9;
				PRODUCT_NAME = "$(TARGET_NAME)";
			};
			name = Release;
		};
		E1C64A9217873A270027CA3C /* Debug */ = {
			isa = XCBuildConfiguration;
			buildSettings = {
				ALWAYS_SEARCH_USER_PATHS = NO;
				CLANG_ENABLE_OBJC_ARC = YES;
				CLANG_WARN_CONSTANT_CONVERSION = YES;
				CLANG_WARN_EMPTY_BODY = YES;
				CLANG_WARN_ENUM_CONVERSION = YES;
				CLANG_WARN_INT_CONVERSION = YES;
				CLANG_WARN__DUPLICATE_METHOD_MATCH = YES;
				COPY_PHASE_STRIP = NO;
				GCC_C_LANGUAGE_STANDARD = gnu99;
				GCC_DYNAMIC_NO_PIC = NO;
				GCC_ENABLE_OBJC_EXCEPTIONS = YES;
				GCC_OPTIMIZATION_LEVEL = 0;
				GCC_PREPROCESSOR_DEFINITIONS = (
					"DEBUG=1",
					"$(inherited)",
				);
				GCC_SYMBOLS_PRIVATE_EXTERN = NO;
				GCC_TREAT_WARNINGS_AS_ERRORS = YES;
				GCC_WARN_64_TO_32_BIT_CONVERSION = YES;
				GCC_WARN_ABOUT_RETURN_TYPE = YES;
				GCC_WARN_PEDANTIC = YES;
				GCC_WARN_UNINITIALIZED_AUTOS = YES;
				GCC_WARN_UNUSED_VARIABLE = YES;
				ONLY_ACTIVE_ARCH = YES;
			};
			name = Debug;
		};
		E1C64A9317873A270027CA3C /* Release */ = {
			isa = XCBuildConfiguration;
			buildSettings = {
				ALWAYS_SEARCH_USER_PATHS = NO;
				CLANG_ENABLE_OBJC_ARC = YES;
				CLANG_WARN_CONSTANT_CONVERSION = YES;
				CLANG_WARN_EMPTY_BODY = YES;
				CLANG_WARN_ENUM_CONVERSION = YES;
				CLANG_WARN_INT_CONVERSION = YES;
				CLANG_WARN__DUPLICATE_METHOD_MATCH = YES;
				COPY_PHASE_STRIP = YES;
				DEBUG_INFORMATION_FORMAT = "dwarf-with-dsym";
				GCC_C_LANGUAGE_STANDARD = gnu99;
				GCC_ENABLE_OBJC_EXCEPTIONS = YES;
				GCC_TREAT_WARNINGS_AS_ERRORS = YES;
				GCC_WARN_64_TO_32_BIT_CONVERSION = YES;
				GCC_WARN_ABOUT_RETURN_TYPE = YES;
				GCC_WARN_PEDANTIC = YES;
				GCC_WARN_UNINITIALIZED_AUTOS = YES;
				GCC_WARN_UNUSED_VARIABLE = YES;
			};
			name = Release;
		};
		E1C64A9517873A270027CA3C /* Debug */ = {
			isa = XCBuildConfiguration;
			buildSettings = {
				COMBINE_HIDPI_IMAGES = YES;
				GCC_TREAT_WARNINGS_AS_ERRORS = YES;
				GCC_WARN_PEDANTIC = YES;
				HEADER_SEARCH_PATHS = "$(PROJECT_DIR)/3p/kapusha";
				INFOPLIST_FILE = "sharopie/sharopie-Info.plist";
				PRODUCT_NAME = "$(TARGET_NAME)";
				WRAPPER_EXTENSION = app;
			};
			name = Debug;
		};
		E1C64A9617873A270027CA3C /* Release */ = {
			isa = XCBuildConfiguration;
			buildSettings = {
				COMBINE_HIDPI_IMAGES = YES;
				GCC_TREAT_WARNINGS_AS_ERRORS = YES;
				GCC_WARN_PEDANTIC = YES;
				HEADER_SEARCH_PATHS = "$(PROJECT_DIR)/3p/kapusha";
				INFOPLIST_FILE = "sharopie/sharopie-Info.plist";
				PRODUCT_NAME = "$(TARGET_NAME)";
				WRAPPER_EXTENSION = app;
			};
			name = Release;
		};
		E1DB71DF1930B1F600EA00DD /* Debug */ = {
			isa = XCBuildConfiguration;
			buildSettings = {
				CLANG_ENABLE_MODULES = YES;
				CLANG_WARN_BOOL_CONVERSION = YES;
				CLANG_WARN_DIRECT_OBJC_ISA_USAGE = YES_ERROR;
				CLANG_WARN_OBJC_ROOT_CLASS = YES_ERROR;
				GCC_PREPROCESSOR_DEFINITIONS = (
					"DEBUG=1",
					"$(inherited)",
				);
				GCC_WARN_ABOUT_RETURN_TYPE = YES_ERROR;
				GCC_WARN_UNDECLARED_SELECTOR = YES;
				GCC_WARN_UNINITIALIZED_AUTOS = YES_AGGRESSIVE;
				GCC_WARN_UNUSED_FUNCTION = YES;
				MACOSX_DEPLOYMENT_TARGET = 10.9;
				PRODUCT_NAME = "shmach_test copy";
			};
			name = Debug;
		};
		E1DB71E01930B1F600EA00DD /* Release */ = {
			isa = XCBuildConfiguration;
			buildSettings = {
				CLANG_ENABLE_MODULES = YES;
				CLANG_WARN_BOOL_CONVERSION = YES;
				CLANG_WARN_DIRECT_OBJC_ISA_USAGE = YES_ERROR;
				CLANG_WARN_OBJC_ROOT_CLASS = YES_ERROR;
				ENABLE_NS_ASSERTIONS = NO;
				GCC_WARN_ABOUT_RETURN_TYPE = YES_ERROR;
				GCC_WARN_UNDECLARED_SELECTOR = YES;
				GCC_WARN_UNINITIALIZED_AUTOS = YES_AGGRESSIVE;
				GCC_WARN_UNUSED_FUNCTION = YES;
				MACOSX_DEPLOYMENT_TARGET = 10.9;
				PRODUCT_NAME = "shmach_test copy";
			};
			name = Release;
		};
/* End XCBuildConfiguration section */

/* Begin XCConfigurationList section */
		E18424BE192FED50000FFDA6 /* Build configuration list for PBXNativeTarget "shmach_test" */ = {
			isa = XCConfigurationList;
			buildConfigurations = (
				E18424BF192FED50000FFDA6 /* Debug */,
				E18424C0192FED50000FFDA6 /* Release */,
			);
			defaultConfigurationIsVisible = 0;
			defaultConfigurationName = Release;
		};
		E1C64A7217873A270027CA3C /* Build configuration list for PBXProject "sharopie" */ = {
			isa = XCConfigurationList;
			buildConfigurations = (
				E1C64A9217873A270027CA3C /* Debug */,
				E1C64A9317873A270027CA3C /* Release */,
			);
			defaultConfigurationIsVisible = 0;
			defaultConfigurationName = Release;
		};
		E1C64A9417873A270027CA3C /* Build configuration list for PBXNativeTarget "Sharopie" */ = {
			isa = XCConfigurationList;
			buildConfigurations = (
				E1C64A9517873A270027CA3C /* Debug */,
				E1C64A9617873A270027CA3C /* Release */,
			);
			defaultConfigurationIsVisible = 0;
			defaultConfigurationName = Release;
		};
		E1DB71DE1930B1F600EA00DD /* Build configuration list for PBXNativeTarget "shmurth_test" */ = {
			isa = XCConfigurationList;
			buildConfigurations = (
				E1DB71DF1930B1F600EA00DD /* Debug */,
				E1DB71E01930B1F600EA00DD /* Release */,
			);
			defaultConfigurationIsVisible = 0;
			defaultConfigurationName = Release;
		};
/* End XCConfigurationList section */
	};
	rootObject = E1C64A6F17873A270027CA3C /* Project object */;
}
